// !$*UTF8*$!
{
	archiveVersion = 1;
	classes = {
	};
	objectVersion = 46;
	objects = {

/* Begin PBXBuildFile section */
		3C1CCA43F2367BE81943B040 /* Pods_Telligent.framework in Frameworks */ = {isa = PBXBuildFile; fileRef = 7D901DC19ED26C1D4E23319F /* Pods_Telligent.framework */; };
		E622B5CF1F74AE4500CC42A1 /* Connectivity.swift in Sources */ = {isa = PBXBuildFile; fileRef = E622B5CE1F74AE4500CC42A1 /* Connectivity.swift */; };
		E678033C1F49D62D004ED81E /* MenuVC.swift in Sources */ = {isa = PBXBuildFile; fileRef = E678033B1F49D62D004ED81E /* MenuVC.swift */; };
		E67803401F4A65E1004ED81E /* VerificationVC.swift in Sources */ = {isa = PBXBuildFile; fileRef = E678033F1F4A65E1004ED81E /* VerificationVC.swift */; };
		E67803421F53E75B004ED81E /* MenuTVC.swift in Sources */ = {isa = PBXBuildFile; fileRef = E67803411F53E75B004ED81E /* MenuTVC.swift */; };
		E67803441F540D96004ED81E /* MainVC.swift in Sources */ = {isa = PBXBuildFile; fileRef = E67803431F540D96004ED81E /* MainVC.swift */; };
		E6CB80161F1E11DA00B1EE81 /* AppDelegate.swift in Sources */ = {isa = PBXBuildFile; fileRef = E6CB80151F1E11DA00B1EE81 /* AppDelegate.swift */; };
		E6CB80181F1E11DA00B1EE81 /* ViewController.swift in Sources */ = {isa = PBXBuildFile; fileRef = E6CB80171F1E11DA00B1EE81 /* ViewController.swift */; };
		E6CB801B1F1E11DA00B1EE81 /* Main.storyboard in Resources */ = {isa = PBXBuildFile; fileRef = E6CB80191F1E11DA00B1EE81 /* Main.storyboard */; };
		E6CB801E1F1E11DA00B1EE81 /* Telligent.xcdatamodeld in Sources */ = {isa = PBXBuildFile; fileRef = E6CB801C1F1E11DA00B1EE81 /* Telligent.xcdatamodeld */; };
		E6CB80201F1E11DA00B1EE81 /* Assets.xcassets in Resources */ = {isa = PBXBuildFile; fileRef = E6CB801F1F1E11DA00B1EE81 /* Assets.xcassets */; };
		E6CB80231F1E11DA00B1EE81 /* LaunchScreen.storyboard in Resources */ = {isa = PBXBuildFile; fileRef = E6CB80211F1E11DA00B1EE81 /* LaunchScreen.storyboard */; };
		FB44D1B920ABD56D004BC9FD /* MainMkVC.swift in Sources */ = {isa = PBXBuildFile; fileRef = FB44D1B820ABD56D004BC9FD /* MainMkVC.swift */; };
		FBD72991223F407000D89E9D /* InfoPlist.strings in Resources */ = {isa = PBXBuildFile; fileRef = FBD72993223F407000D89E9D /* InfoPlist.strings */; };
/* End PBXBuildFile section */

/* Begin PBXFileReference section */
		7D901DC19ED26C1D4E23319F /* Pods_Telligent.framework */ = {isa = PBXFileReference; explicitFileType = wrapper.framework; includeInIndex = 0; path = Pods_Telligent.framework; sourceTree = BUILT_PRODUCTS_DIR; };
		B8DF64EBAA99FC787BE8C616 /* Pods-Telligent.debug.xcconfig */ = {isa = PBXFileReference; includeInIndex = 1; lastKnownFileType = text.xcconfig; name = "Pods-Telligent.debug.xcconfig"; path = "Pods/Target Support Files/Pods-Telligent/Pods-Telligent.debug.xcconfig"; sourceTree = "<group>"; };
		E622B5CD1F7273FB00CC42A1 /* swift-MBProgressHUD-Bridging-Header.h */ = {isa = PBXFileReference; lastKnownFileType = sourcecode.c.h; path = "swift-MBProgressHUD-Bridging-Header.h"; sourceTree = "<group>"; };
		E622B5CE1F74AE4500CC42A1 /* Connectivity.swift */ = {isa = PBXFileReference; fileEncoding = 4; lastKnownFileType = sourcecode.swift; path = Connectivity.swift; sourceTree = "<group>"; };
		E62490F51F5D07A90046D21A /* Telligent.entitlements */ = {isa = PBXFileReference; lastKnownFileType = text.plist.entitlements; path = Telligent.entitlements; sourceTree = "<group>"; };
		E678033B1F49D62D004ED81E /* MenuVC.swift */ = {isa = PBXFileReference; fileEncoding = 4; lastKnownFileType = sourcecode.swift; path = MenuVC.swift; sourceTree = "<group>"; };
		E678033F1F4A65E1004ED81E /* VerificationVC.swift */ = {isa = PBXFileReference; fileEncoding = 4; lastKnownFileType = sourcecode.swift; path = VerificationVC.swift; sourceTree = "<group>"; };
		E67803411F53E75B004ED81E /* MenuTVC.swift */ = {isa = PBXFileReference; fileEncoding = 4; lastKnownFileType = sourcecode.swift; path = MenuTVC.swift; sourceTree = "<group>"; };
		E67803431F540D96004ED81E /* MainVC.swift */ = {isa = PBXFileReference; fileEncoding = 4; lastKnownFileType = sourcecode.swift; path = MainVC.swift; sourceTree = "<group>"; };
		E6CB80121F1E11DA00B1EE81 /* Telligent.app */ = {isa = PBXFileReference; explicitFileType = wrapper.application; includeInIndex = 0; path = Telligent.app; sourceTree = BUILT_PRODUCTS_DIR; };
		E6CB80151F1E11DA00B1EE81 /* AppDelegate.swift */ = {isa = PBXFileReference; lastKnownFileType = sourcecode.swift; path = AppDelegate.swift; sourceTree = "<group>"; };
		E6CB80171F1E11DA00B1EE81 /* ViewController.swift */ = {isa = PBXFileReference; lastKnownFileType = sourcecode.swift; path = ViewController.swift; sourceTree = "<group>"; };
		E6CB801A1F1E11DA00B1EE81 /* Base */ = {isa = PBXFileReference; lastKnownFileType = file.storyboard; name = Base; path = Base.lproj/Main.storyboard; sourceTree = "<group>"; };
		E6CB801D1F1E11DA00B1EE81 /* Telligent.xcdatamodel */ = {isa = PBXFileReference; lastKnownFileType = wrapper.xcdatamodel; path = Telligent.xcdatamodel; sourceTree = "<group>"; };
		E6CB801F1F1E11DA00B1EE81 /* Assets.xcassets */ = {isa = PBXFileReference; lastKnownFileType = folder.assetcatalog; path = Assets.xcassets; sourceTree = "<group>"; };
		E6CB80221F1E11DA00B1EE81 /* Base */ = {isa = PBXFileReference; lastKnownFileType = file.storyboard; name = Base; path = Base.lproj/LaunchScreen.storyboard; sourceTree = "<group>"; };
		E6CB80241F1E11DA00B1EE81 /* Info.plist */ = {isa = PBXFileReference; lastKnownFileType = text.plist.xml; path = Info.plist; sourceTree = "<group>"; };
		FB44D1B820ABD56D004BC9FD /* MainMkVC.swift */ = {isa = PBXFileReference; lastKnownFileType = sourcecode.swift; path = MainMkVC.swift; sourceTree = "<group>"; };
		FBD72994223F411D00D89E9D /* zh-Hant */ = {isa = PBXFileReference; lastKnownFileType = text.plist.strings; name = "zh-Hant"; path = "zh-Hant.lproj/InfoPlist.strings"; sourceTree = "<group>"; };
		FBD72995223F412900D89E9D /* zh-Hans */ = {isa = PBXFileReference; lastKnownFileType = text.plist.strings; name = "zh-Hans"; path = "zh-Hans.lproj/InfoPlist.strings"; sourceTree = "<group>"; };
		FEC7AEAC51ED70E8760AD1A1 /* Pods-Telligent.release.xcconfig */ = {isa = PBXFileReference; includeInIndex = 1; lastKnownFileType = text.xcconfig; name = "Pods-Telligent.release.xcconfig"; path = "Pods/Target Support Files/Pods-Telligent/Pods-Telligent.release.xcconfig"; sourceTree = "<group>"; };
/* End PBXFileReference section */

/* Begin PBXFrameworksBuildPhase section */
		E6CB800F1F1E11DA00B1EE81 /* Frameworks */ = {
			isa = PBXFrameworksBuildPhase;
			buildActionMask = 2147483647;
			files = (
				3C1CCA43F2367BE81943B040 /* Pods_Telligent.framework in Frameworks */,
			);
			runOnlyForDeploymentPostprocessing = 0;
		};
/* End PBXFrameworksBuildPhase section */

/* Begin PBXGroup section */
		7003CF332AAEEDAF81DF37F4 /* Pods */ = {
			isa = PBXGroup;
			children = (
				B8DF64EBAA99FC787BE8C616 /* Pods-Telligent.debug.xcconfig */,
				FEC7AEAC51ED70E8760AD1A1 /* Pods-Telligent.release.xcconfig */,
			);
			name = Pods;
			sourceTree = "<group>";
		};
		D59B460D0DB3D7019C41D661 /* Frameworks */ = {
			isa = PBXGroup;
			children = (
				7D901DC19ED26C1D4E23319F /* Pods_Telligent.framework */,
			);
			name = Frameworks;
			sourceTree = "<group>";
		};
		E6CB80091F1E11DA00B1EE81 = {
			isa = PBXGroup;
			children = (
				E6CB80141F1E11DA00B1EE81 /* Telligent */,
				E6CB80131F1E11DA00B1EE81 /* Products */,
				7003CF332AAEEDAF81DF37F4 /* Pods */,
				D59B460D0DB3D7019C41D661 /* Frameworks */,
			);
			sourceTree = "<group>";
		};
		E6CB80131F1E11DA00B1EE81 /* Products */ = {
			isa = PBXGroup;
			children = (
				E6CB80121F1E11DA00B1EE81 /* Telligent.app */,
			);
			name = Products;
			sourceTree = "<group>";
		};
		E6CB80141F1E11DA00B1EE81 /* Telligent */ = {
			isa = PBXGroup;
			children = (
				E62490F51F5D07A90046D21A /* Telligent.entitlements */,
				E6CB80151F1E11DA00B1EE81 /* AppDelegate.swift */,
				E6CB80171F1E11DA00B1EE81 /* ViewController.swift */,
				E678033F1F4A65E1004ED81E /* VerificationVC.swift */,
				E678033B1F49D62D004ED81E /* MenuVC.swift */,
				E67803411F53E75B004ED81E /* MenuTVC.swift */,
				E67803431F540D96004ED81E /* MainVC.swift */,
				FB44D1B820ABD56D004BC9FD /* MainMkVC.swift */,
				E622B5CE1F74AE4500CC42A1 /* Connectivity.swift */,
				E622B5CD1F7273FB00CC42A1 /* swift-MBProgressHUD-Bridging-Header.h */,
				E6CB80191F1E11DA00B1EE81 /* Main.storyboard */,
				E6CB801F1F1E11DA00B1EE81 /* Assets.xcassets */,
				E6CB80211F1E11DA00B1EE81 /* LaunchScreen.storyboard */,
				E6CB80241F1E11DA00B1EE81 /* Info.plist */,
				FBD72993223F407000D89E9D /* InfoPlist.strings */,
				E6CB801C1F1E11DA00B1EE81 /* Telligent.xcdatamodeld */,
			);
			path = Telligent;
			sourceTree = "<group>";
		};
/* End PBXGroup section */

/* Begin PBXNativeTarget section */
		E6CB80111F1E11DA00B1EE81 /* Telligent */ = {
			isa = PBXNativeTarget;
			buildConfigurationList = E6CB80271F1E11DA00B1EE81 /* Build configuration list for PBXNativeTarget "Telligent" */;
			buildPhases = (
				0AAA7CC4F3807E221F149CE9 /* [CP] Check Pods Manifest.lock */,
				E6CB800E1F1E11DA00B1EE81 /* Sources */,
				E6CB800F1F1E11DA00B1EE81 /* Frameworks */,
				E6CB80101F1E11DA00B1EE81 /* Resources */,
				D3D285AA2B15FF45871076E9 /* [CP] Embed Pods Frameworks */,
				CF64087A57C878A3DF7A531B /* [CP] Copy Pods Resources */,
			);
			buildRules = (
			);
			dependencies = (
			);
			name = Telligent;
			productName = Telligent;
			productReference = E6CB80121F1E11DA00B1EE81 /* Telligent.app */;
			productType = "com.apple.product-type.application";
		};
/* End PBXNativeTarget section */

/* Begin PBXProject section */
		E6CB800A1F1E11DA00B1EE81 /* Project object */ = {
			isa = PBXProject;
			attributes = {
				LastSwiftUpdateCheck = 0830;
				LastUpgradeCheck = 0930;
				ORGANIZATIONNAME = Telexpress_MaLynn;
				TargetAttributes = {
					E6CB80111F1E11DA00B1EE81 = {
						CreatedOnToolsVersion = 8.3.3;
						DevelopmentTeam = 4VSATKVJA8;
						ProvisioningStyle = Manual;
						SystemCapabilities = {
							com.apple.BackgroundModes = {
								enabled = 1;
							};
							com.apple.Push = {
								enabled = 1;
							};
						};
					};
				};
			};
			buildConfigurationList = E6CB800D1F1E11DA00B1EE81 /* Build configuration list for PBXProject "Telligent" */;
			compatibilityVersion = "Xcode 3.2";
			developmentRegion = English;
			hasScannedForEncodings = 0;
			knownRegions = (
				en,
				Base,
				"zh-Hant",
				"zh-Hans",
			);
			mainGroup = E6CB80091F1E11DA00B1EE81;
			productRefGroup = E6CB80131F1E11DA00B1EE81 /* Products */;
			projectDirPath = "";
			projectRoot = "";
			targets = (
				E6CB80111F1E11DA00B1EE81 /* Telligent */,
			);
		};
/* End PBXProject section */

/* Begin PBXResourcesBuildPhase section */
		E6CB80101F1E11DA00B1EE81 /* Resources */ = {
			isa = PBXResourcesBuildPhase;
			buildActionMask = 2147483647;
			files = (
				E6CB80231F1E11DA00B1EE81 /* LaunchScreen.storyboard in Resources */,
				FBD72991223F407000D89E9D /* InfoPlist.strings in Resources */,
				E6CB80201F1E11DA00B1EE81 /* Assets.xcassets in Resources */,
				E6CB801B1F1E11DA00B1EE81 /* Main.storyboard in Resources */,
			);
			runOnlyForDeploymentPostprocessing = 0;
		};
/* End PBXResourcesBuildPhase section */

/* Begin PBXShellScriptBuildPhase section */
		0AAA7CC4F3807E221F149CE9 /* [CP] Check Pods Manifest.lock */ = {
			isa = PBXShellScriptBuildPhase;
			buildActionMask = 2147483647;
			files = (
			);
			inputPaths = (
			);
			name = "[CP] Check Pods Manifest.lock";
			outputPaths = (
			);
			runOnlyForDeploymentPostprocessing = 0;
			shellPath = /bin/sh;
			shellScript = "diff \"${PODS_PODFILE_DIR_PATH}/Podfile.lock\" \"${PODS_ROOT}/Manifest.lock\" > /dev/null\nif [ $? != 0 ] ; then\n    # print error to STDERR\n    echo \"error: The sandbox is not in sync with the Podfile.lock. Run 'pod install' or update your CocoaPods installation.\" >&2\n    exit 1\nfi\n";
			showEnvVarsInLog = 0;
		};
		CF64087A57C878A3DF7A531B /* [CP] Copy Pods Resources */ = {
			isa = PBXShellScriptBuildPhase;
			buildActionMask = 2147483647;
			files = (
			);
			inputPaths = (
			);
			name = "[CP] Copy Pods Resources";
			outputPaths = (
			);
			runOnlyForDeploymentPostprocessing = 0;
			shellPath = /bin/sh;
			shellScript = "\"${SRCROOT}/Pods/Target Support Files/Pods-Telligent/Pods-Telligent-resources.sh\"\n";
			showEnvVarsInLog = 0;
		};
		D3D285AA2B15FF45871076E9 /* [CP] Embed Pods Frameworks */ = {
			isa = PBXShellScriptBuildPhase;
			buildActionMask = 2147483647;
			files = (
			);
			inputPaths = (
			);
			name = "[CP] Embed Pods Frameworks";
			outputPaths = (
			);
			runOnlyForDeploymentPostprocessing = 0;
			shellPath = /bin/sh;
			shellScript = "\"${SRCROOT}/Pods/Target Support Files/Pods-Telligent/Pods-Telligent-frameworks.sh\"\n";
			showEnvVarsInLog = 0;
		};
/* End PBXShellScriptBuildPhase section */

/* Begin PBXSourcesBuildPhase section */
		E6CB800E1F1E11DA00B1EE81 /* Sources */ = {
			isa = PBXSourcesBuildPhase;
			buildActionMask = 2147483647;
			files = (
				E67803421F53E75B004ED81E /* MenuTVC.swift in Sources */,
				E6CB80181F1E11DA00B1EE81 /* ViewController.swift in Sources */,
				E67803401F4A65E1004ED81E /* VerificationVC.swift in Sources */,
				E678033C1F49D62D004ED81E /* MenuVC.swift in Sources */,
				FB44D1B920ABD56D004BC9FD /* MainMkVC.swift in Sources */,
				E622B5CF1F74AE4500CC42A1 /* Connectivity.swift in Sources */,
				E6CB801E1F1E11DA00B1EE81 /* Telligent.xcdatamodeld in Sources */,
				E6CB80161F1E11DA00B1EE81 /* AppDelegate.swift in Sources */,
				E67803441F540D96004ED81E /* MainVC.swift in Sources */,
			);
			runOnlyForDeploymentPostprocessing = 0;
		};
/* End PBXSourcesBuildPhase section */

/* Begin PBXVariantGroup section */
		E6CB80191F1E11DA00B1EE81 /* Main.storyboard */ = {
			isa = PBXVariantGroup;
			children = (
				E6CB801A1F1E11DA00B1EE81 /* Base */,
			);
			name = Main.storyboard;
			sourceTree = "<group>";
		};
		E6CB80211F1E11DA00B1EE81 /* LaunchScreen.storyboard */ = {
			isa = PBXVariantGroup;
			children = (
				E6CB80221F1E11DA00B1EE81 /* Base */,
			);
			name = LaunchScreen.storyboard;
			sourceTree = "<group>";
		};
		FBD72993223F407000D89E9D /* InfoPlist.strings */ = {
			isa = PBXVariantGroup;
			children = (
				FBD72994223F411D00D89E9D /* zh-Hant */,
				FBD72995223F412900D89E9D /* zh-Hans */,
			);
			name = InfoPlist.strings;
			sourceTree = "<group>";
		};
/* End PBXVariantGroup section */

/* Begin XCBuildConfiguration section */
		E6CB80251F1E11DA00B1EE81 /* Debug */ = {
			isa = XCBuildConfiguration;
			buildSettings = {
				ALWAYS_SEARCH_USER_PATHS = NO;
				CLANG_ANALYZER_LOCALIZABILITY_NONLOCALIZED = YES;
				CLANG_ANALYZER_NONNULL = YES;
				CLANG_ANALYZER_NUMBER_OBJECT_CONVERSION = YES_AGGRESSIVE;
				CLANG_CXX_LANGUAGE_STANDARD = "gnu++0x";
				CLANG_CXX_LIBRARY = "libc++";
				CLANG_ENABLE_MODULES = YES;
				CLANG_ENABLE_OBJC_ARC = YES;
				CLANG_WARN_BLOCK_CAPTURE_AUTORELEASING = YES;
				CLANG_WARN_BOOL_CONVERSION = YES;
				CLANG_WARN_COMMA = YES;
				CLANG_WARN_CONSTANT_CONVERSION = YES;
				CLANG_WARN_DEPRECATED_OBJC_IMPLEMENTATIONS = YES;
				CLANG_WARN_DIRECT_OBJC_ISA_USAGE = YES_ERROR;
				CLANG_WARN_DOCUMENTATION_COMMENTS = YES;
				CLANG_WARN_EMPTY_BODY = YES;
				CLANG_WARN_ENUM_CONVERSION = YES;
				CLANG_WARN_INFINITE_RECURSION = YES;
				CLANG_WARN_INT_CONVERSION = YES;
				CLANG_WARN_NON_LITERAL_NULL_CONVERSION = YES;
				CLANG_WARN_OBJC_IMPLICIT_RETAIN_SELF = YES;
				CLANG_WARN_OBJC_LITERAL_CONVERSION = YES;
				CLANG_WARN_OBJC_ROOT_CLASS = YES_ERROR;
				CLANG_WARN_RANGE_LOOP_ANALYSIS = YES;
				CLANG_WARN_STRICT_PROTOTYPES = YES;
				CLANG_WARN_SUSPICIOUS_MOVE = YES;
				CLANG_WARN_UNREACHABLE_CODE = YES;
				CLANG_WARN__DUPLICATE_METHOD_MATCH = YES;
				CODE_SIGN_IDENTITY = "iPhone Developer: Yi-Ming Wu (69WWLQPYJY)";
				"CODE_SIGN_IDENTITY[sdk=iphoneos*]" = "iPhone Developer: Yi-Ming Wu (69WWLQPYJY)";
				COPY_PHASE_STRIP = NO;
				DEBUG_INFORMATION_FORMAT = dwarf;
				ENABLE_STRICT_OBJC_MSGSEND = YES;
				ENABLE_TESTABILITY = YES;
				GCC_C_LANGUAGE_STANDARD = gnu99;
				GCC_DYNAMIC_NO_PIC = NO;
				GCC_NO_COMMON_BLOCKS = YES;
				GCC_OPTIMIZATION_LEVEL = 0;
				GCC_PREPROCESSOR_DEFINITIONS = (
					"DEBUG=1",
					"$(inherited)",
				);
				GCC_WARN_64_TO_32_BIT_CONVERSION = YES;
				GCC_WARN_ABOUT_RETURN_TYPE = YES_ERROR;
				GCC_WARN_UNDECLARED_SELECTOR = YES;
				GCC_WARN_UNINITIALIZED_AUTOS = YES_AGGRESSIVE;
				GCC_WARN_UNUSED_FUNCTION = YES;
				GCC_WARN_UNUSED_VARIABLE = YES;
				IPHONEOS_DEPLOYMENT_TARGET = 10.3;
				MTL_ENABLE_DEBUG_INFO = YES;
				ONLY_ACTIVE_ARCH = YES;
				SDKROOT = iphoneos;
				SWIFT_ACTIVE_COMPILATION_CONDITIONS = DEBUG;
				SWIFT_OPTIMIZATION_LEVEL = "-Onone";
				TARGETED_DEVICE_FAMILY = "1,2";
			};
			name = Debug;
		};
		E6CB80261F1E11DA00B1EE81 /* Release */ = {
			isa = XCBuildConfiguration;
			buildSettings = {
				ALWAYS_SEARCH_USER_PATHS = NO;
				CLANG_ANALYZER_LOCALIZABILITY_NONLOCALIZED = YES;
				CLANG_ANALYZER_NONNULL = YES;
				CLANG_ANALYZER_NUMBER_OBJECT_CONVERSION = YES_AGGRESSIVE;
				CLANG_CXX_LANGUAGE_STANDARD = "gnu++0x";
				CLANG_CXX_LIBRARY = "libc++";
				CLANG_ENABLE_MODULES = YES;
				CLANG_ENABLE_OBJC_ARC = YES;
				CLANG_WARN_BLOCK_CAPTURE_AUTORELEASING = YES;
				CLANG_WARN_BOOL_CONVERSION = YES;
				CLANG_WARN_COMMA = YES;
				CLANG_WARN_CONSTANT_CONVERSION = YES;
				CLANG_WARN_DEPRECATED_OBJC_IMPLEMENTATIONS = YES;
				CLANG_WARN_DIRECT_OBJC_ISA_USAGE = YES_ERROR;
				CLANG_WARN_DOCUMENTATION_COMMENTS = YES;
				CLANG_WARN_EMPTY_BODY = YES;
				CLANG_WARN_ENUM_CONVERSION = YES;
				CLANG_WARN_INFINITE_RECURSION = YES;
				CLANG_WARN_INT_CONVERSION = YES;
				CLANG_WARN_NON_LITERAL_NULL_CONVERSION = YES;
				CLANG_WARN_OBJC_IMPLICIT_RETAIN_SELF = YES;
				CLANG_WARN_OBJC_LITERAL_CONVERSION = YES;
				CLANG_WARN_OBJC_ROOT_CLASS = YES_ERROR;
				CLANG_WARN_RANGE_LOOP_ANALYSIS = YES;
				CLANG_WARN_STRICT_PROTOTYPES = YES;
				CLANG_WARN_SUSPICIOUS_MOVE = YES;
				CLANG_WARN_UNREACHABLE_CODE = YES;
				CLANG_WARN__DUPLICATE_METHOD_MATCH = YES;
				CODE_SIGN_IDENTITY = "iPhone Distribution: Telexpress corp. (4VSATKVJA8)";
				"CODE_SIGN_IDENTITY[sdk=iphoneos*]" = "iPhone Distribution: Telexpress corp. (4VSATKVJA8)";
				COPY_PHASE_STRIP = NO;
				DEBUG_INFORMATION_FORMAT = "dwarf-with-dsym";
				ENABLE_NS_ASSERTIONS = NO;
				ENABLE_STRICT_OBJC_MSGSEND = YES;
				GCC_C_LANGUAGE_STANDARD = gnu99;
				GCC_NO_COMMON_BLOCKS = YES;
				GCC_WARN_64_TO_32_BIT_CONVERSION = YES;
				GCC_WARN_ABOUT_RETURN_TYPE = YES_ERROR;
				GCC_WARN_UNDECLARED_SELECTOR = YES;
				GCC_WARN_UNINITIALIZED_AUTOS = YES_AGGRESSIVE;
				GCC_WARN_UNUSED_FUNCTION = YES;
				GCC_WARN_UNUSED_VARIABLE = YES;
				IPHONEOS_DEPLOYMENT_TARGET = 10.3;
				MTL_ENABLE_DEBUG_INFO = NO;
				SDKROOT = iphoneos;
				SWIFT_OPTIMIZATION_LEVEL = "-Owholemodule";
				TARGETED_DEVICE_FAMILY = "1,2";
				VALIDATE_PRODUCT = YES;
			};
			name = Release;
		};
		E6CB80281F1E11DA00B1EE81 /* Debug */ = {
			isa = XCBuildConfiguration;
			baseConfigurationReference = B8DF64EBAA99FC787BE8C616 /* Pods-Telligent.debug.xcconfig */;
			buildSettings = {
				ASSETCATALOG_COMPILER_APPICON_NAME = AppIcon;
				CODE_SIGN_ENTITLEMENTS = Telligent/Telligent.entitlements;
				CODE_SIGN_IDENTITY = "iPhone Developer";
				"CODE_SIGN_IDENTITY[sdk=iphoneos*]" = "iPhone Developer";
				CODE_SIGN_STYLE = Manual;
				DEVELOPMENT_TEAM = 4VSATKVJA8;
				INFOPLIST_FILE = Telligent/Info.plist;
				IPHONEOS_DEPLOYMENT_TARGET = 8.0;
				LD_RUNPATH_SEARCH_PATHS = "$(inherited) @executable_path/Frameworks";
				PRODUCT_BUNDLE_IDENTIFIER = com.telexpress.SocialChat;
				PRODUCT_NAME = "$(TARGET_NAME)";
				PROVISIONING_PROFILE = "4b9020c8-decb-41f1-8038-10856a576dc5";
				PROVISIONING_PROFILE_SPECIFIER = SocialChat_Dev;
				SWIFT_OBJC_BRIDGING_HEADER = "swift-MBProgressHUD/swift-MBProgressHUD-Bridging-Header.h";
				SWIFT_VERSION = 3.0;
				TARGETED_DEVICE_FAMILY = "1,2";
			};
			name = Debug;
		};
		E6CB80291F1E11DA00B1EE81 /* Release */ = {
			isa = XCBuildConfiguration;
			baseConfigurationReference = FEC7AEAC51ED70E8760AD1A1 /* Pods-Telligent.release.xcconfig */;
			buildSettings = {
				ASSETCATALOG_COMPILER_APPICON_NAME = AppIcon;
				CODE_SIGN_ENTITLEMENTS = Telligent/Telligent.entitlements;
				CODE_SIGN_IDENTITY = "iPhone Distribution: Telexpress corp. (4VSATKVJA8)";
				"CODE_SIGN_IDENTITY[sdk=iphoneos*]" = "iPhone Distribution: Telexpress corp. (4VSATKVJA8)";
				CODE_SIGN_STYLE = Manual;
				DEVELOPMENT_TEAM = 4VSATKVJA8;
				INFOPLIST_FILE = Telligent/Info.plist;
				IPHONEOS_DEPLOYMENT_TARGET = 8.0;
				LD_RUNPATH_SEARCH_PATHS = "$(inherited) @executable_path/Frameworks";
				PRODUCT_BUNDLE_IDENTIFIER = com.telexpress.SocialChat;
				PRODUCT_NAME = "$(TARGET_NAME)";
				PROVISIONING_PROFILE = "da4c2dfc-3d40-456d-ba74-970103e267a3";
				PROVISIONING_PROFILE_SPECIFIER = SocialChat_AS;
				SWIFT_OBJC_BRIDGING_HEADER = "swift-MBProgressHUD/swift-MBProgressHUD-Bridging-Header.h";
				SWIFT_VERSION = 3.0;
				TARGETED_DEVICE_FAMILY = "1,2";
			};
			name = Release;
		};
/* End XCBuildConfiguration section */

/* Begin XCConfigurationList section */
		E6CB800D1F1E11DA00B1EE81 /* Build configuration list for PBXProject "Telligent" */ = {
			isa = XCConfigurationList;
			buildConfigurations = (
				E6CB80251F1E11DA00B1EE81 /* Debug */,
				E6CB80261F1E11DA00B1EE81 /* Release */,
			);
			defaultConfigurationIsVisible = 0;
			defaultConfigurationName = Release;
		};
		E6CB80271F1E11DA00B1EE81 /* Build configuration list for PBXNativeTarget "Telligent" */ = {
			isa = XCConfigurationList;
			buildConfigurations = (
				E6CB80281F1E11DA00B1EE81 /* Debug */,
				E6CB80291F1E11DA00B1EE81 /* Release */,
			);
			defaultConfigurationIsVisible = 0;
			defaultConfigurationName = Release;
		};
/* End XCConfigurationList section */

/* Begin XCVersionGroup section */
		E6CB801C1F1E11DA00B1EE81 /* Telligent.xcdatamodeld */ = {
			isa = XCVersionGroup;
			children = (
				E6CB801D1F1E11DA00B1EE81 /* Telligent.xcdatamodel */,
			);
			currentVersion = E6CB801D1F1E11DA00B1EE81 /* Telligent.xcdatamodel */;
			path = Telligent.xcdatamodeld;
			sourceTree = "<group>";
			versionGroupType = wrapper.xcdatamodel;
		};
/* End XCVersionGroup section */
	};
	rootObject = E6CB800A1F1E11DA00B1EE81 /* Project object */;
}
